# This file is automatically @generated by Cargo.
# It is not intended for manual editing.
version = 3

[[package]]
name = "janus-core"
version = "2026.8.6"

[[package]]
name = "janus-engine"
version = "2026.8.6"
dependencies = [
 "janus-core",
]

[[package]]
name = "janus-uci"
version = "2026.8.6"
dependencies = [
 "janus-core",
 "janus-engine",
]
